
Microsoft Visual Studio Solution File, Format Version 12.00
# Visual Studio Version 16
VisualStudioVersion = 16.0.30907.101
MinimumVisualStudioVersion = 10.0.40219.1
Project("{9A19103F-16F7-4668-BE54-9A1E7A4F7556}") = "Final_Project_Group_1", "Final_Project_Group_1.csproj", "{9B44E725-F181-42A0-B696-AEEAF56BEAB6}"
EndProject
Global
	GlobalSection(SolutionConfigurationPlatforms) = preSolution
		Debug|Any CPU = Debug|Any CPU
		Release|Any CPU = Release|Any CPU
	EndGlobalSection
	GlobalSection(ProjectConfigurationPlatforms) = postSolution
		{9B44E725-F181-42A0-B696-AEEAF56BEAB6}.Debug|Any CPU.ActiveCfg = Debug|Any CPU
		{9B44E725-F181-42A0-B696-AEEAF56BEAB6}.Debug|Any CPU.Build.0 = Debug|Any CPU
		{9B44E725-F181-42A0-B696-AEEAF56BEAB6}.Release|Any CPU.ActiveCfg = Release|Any CPU
		{9B44E725-F181-42A0-B696-AEEAF56BEAB6}.Release|Any CPU.Build.0 = Release|Any CPU
	EndGlobalSection
	GlobalSection(SolutionProperties) = preSolution
		HideSolutionNode = FALSE
	EndGlobalSection
	GlobalSection(ExtensibilityGlobals) = postSolution
		SolutionGuid = {810AE4A5-30D6-4766-B2F7-A2412A739224}
	EndGlobalSection
EndGlobal
